
Microsoft Visual Studio Solution File, Format Version 12.00
# Visual Studio Version 16
VisualStudioVersion = 16.0.30804.86
MinimumVisualStudioVersion = 10.0.40219.1
Project("{9A19103F-16F7-4668-BE54-9A1E7A4F7556}") = "ddl3dbt", "ddl3dbt\ddl3dbt.csproj", "{01C2E352-5AC4-40EF-8202-32D1C3EC5A57}"
EndProject
Project("{9A19103F-16F7-4668-BE54-9A1E7A4F7556}") = "ddl3dbt.tests", "ddl3dbt.tests\ddl3dbt.tests.csproj", "{0B9F19E8-B6A3-4A0D-90CA-F3AF7F22F396}"
EndProject
Global
	GlobalSection(SolutionConfigurationPlatforms) = preSolution
		Debug|Any CPU = Debug|Any CPU
		Release|Any CPU = Release|Any CPU
	EndGlobalSection
	GlobalSection(ProjectConfigurationPlatforms) = postSolution
		{01C2E352-5AC4-40EF-8202-32D1C3EC5A57}.Debug|Any CPU.ActiveCfg = Debug|Any CPU
		{01C2E352-5AC4-40EF-8202-32D1C3EC5A57}.Debug|Any CPU.Build.0 = Debug|Any CPU
		{01C2E352-5AC4-40EF-8202-32D1C3EC5A57}.Release|Any CPU.ActiveCfg = Release|Any CPU
		{01C2E352-5AC4-40EF-8202-32D1C3EC5A57}.Release|Any CPU.Build.0 = Release|Any CPU
		{0B9F19E8-B6A3-4A0D-90CA-F3AF7F22F396}.Debug|Any CPU.ActiveCfg = Debug|Any CPU
		{0B9F19E8-B6A3-4A0D-90CA-F3AF7F22F396}.Debug|Any CPU.Build.0 = Debug|Any CPU
		{0B9F19E8-B6A3-4A0D-90CA-F3AF7F22F396}.Release|Any CPU.ActiveCfg = Release|Any CPU
		{0B9F19E8-B6A3-4A0D-90CA-F3AF7F22F396}.Release|Any CPU.Build.0 = Release|Any CPU
	EndGlobalSection
	GlobalSection(SolutionProperties) = preSolution
		HideSolutionNode = FALSE
	EndGlobalSection
	GlobalSection(ExtensibilityGlobals) = postSolution
		SolutionGuid = {ABD9967F-C9C4-46FD-AE18-9F9273BCF45B}
	EndGlobalSection
EndGlobal
