
Microsoft Visual Studio Solution File, Format Version 12.00
# Visual Studio Version 16
VisualStudioVersion = 16.0.30804.86
MinimumVisualStudioVersion = 10.0.40219.1
Project("{9A19103F-16F7-4668-BE54-9A1E7A4F7556}") = "DDLParser", "DDLParser\DDLParser.csproj", "{B940D43B-C89C-452F-A397-78504B66C482}"
EndProject
Global
	GlobalSection(SolutionConfigurationPlatforms) = preSolution
		Debug|Any CPU = Debug|Any CPU
		Release|Any CPU = Release|Any CPU
	EndGlobalSection
	GlobalSection(ProjectConfigurationPlatforms) = postSolution
		{B940D43B-C89C-452F-A397-78504B66C482}.Debug|Any CPU.ActiveCfg = Debug|Any CPU
		{B940D43B-C89C-452F-A397-78504B66C482}.Debug|Any CPU.Build.0 = Debug|Any CPU
		{B940D43B-C89C-452F-A397-78504B66C482}.Release|Any CPU.ActiveCfg = Release|Any CPU
		{B940D43B-C89C-452F-A397-78504B66C482}.Release|Any CPU.Build.0 = Release|Any CPU
	EndGlobalSection
	GlobalSection(SolutionProperties) = preSolution
		HideSolutionNode = FALSE
	EndGlobalSection
	GlobalSection(ExtensibilityGlobals) = postSolution
		SolutionGuid = {ABD9967F-C9C4-46FD-AE18-9F9273BCF45B}
	EndGlobalSection
EndGlobal
