
Microsoft Visual Studio Solution File, Format Version 12.00
# Visual Studio Version 16
VisualStudioVersion = 16.0.30804.86
MinimumVisualStudioVersion = 10.0.40219.1
Project("{9A19103F-16F7-4668-BE54-9A1E7A4F7556}") = "DDLParser", "DDLParser.csproj", "{3190BB13-D907-4200-8F55-590F152AC45D}"
EndProject
Project("{FAE04EC0-301F-11D3-BF4B-00C04F79EFBC}") = "DDLParser.Core", "..\DDLParser.Core\DDLParser.Core.csproj", "{6EE29E37-586C-4FB1-932E-42E9C85E8087}"
EndProject
Global
	GlobalSection(SolutionConfigurationPlatforms) = preSolution
		Debug|Any CPU = Debug|Any CPU
		Release|Any CPU = Release|Any CPU
	EndGlobalSection
	GlobalSection(ProjectConfigurationPlatforms) = postSolution
		{3190BB13-D907-4200-8F55-590F152AC45D}.Debug|Any CPU.ActiveCfg = Debug|Any CPU
		{3190BB13-D907-4200-8F55-590F152AC45D}.Debug|Any CPU.Build.0 = Debug|Any CPU
		{3190BB13-D907-4200-8F55-590F152AC45D}.Release|Any CPU.ActiveCfg = Release|Any CPU
		{3190BB13-D907-4200-8F55-590F152AC45D}.Release|Any CPU.Build.0 = Release|Any CPU
		{6EE29E37-586C-4FB1-932E-42E9C85E8087}.Debug|Any CPU.ActiveCfg = Debug|Any CPU
		{6EE29E37-586C-4FB1-932E-42E9C85E8087}.Debug|Any CPU.Build.0 = Debug|Any CPU
		{6EE29E37-586C-4FB1-932E-42E9C85E8087}.Release|Any CPU.ActiveCfg = Release|Any CPU
		{6EE29E37-586C-4FB1-932E-42E9C85E8087}.Release|Any CPU.Build.0 = Release|Any CPU
	EndGlobalSection
	GlobalSection(SolutionProperties) = preSolution
		HideSolutionNode = FALSE
	EndGlobalSection
	GlobalSection(ExtensibilityGlobals) = postSolution
		SolutionGuid = {48F79DB8-F153-4398-B120-60033621D0E8}
	EndGlobalSection
EndGlobal
